// !$*UTF8*$!
{
	archiveVersion = 1;
	classes = {
	};
	objectVersion = 50;
	objects = {

/* Begin PBXBuildFile section */
		BE7F8E9226AA40CC00FC80A8 /* AppDelegate.swift in Sources */ = {isa = PBXBuildFile; fileRef = BE7F8E9126AA40CC00FC80A8 /* AppDelegate.swift */; };
		BE7F8E9426AA40CC00FC80A8 /* SceneDelegate.swift in Sources */ = {isa = PBXBuildFile; fileRef = BE7F8E9326AA40CC00FC80A8 /* SceneDelegate.swift */; };
		BE7F8E9626AA40CC00FC80A8 /* ViewController.swift in Sources */ = {isa = PBXBuildFile; fileRef = BE7F8E9526AA40CC00FC80A8 /* ViewController.swift */; };
		BE7F8E9926AA40CC00FC80A8 /* Main.storyboard in Resources */ = {isa = PBXBuildFile; fileRef = BE7F8E9726AA40CC00FC80A8 /* Main.storyboard */; };
		BE7F8E9B26AA40D600FC80A8 /* Assets.xcassets in Resources */ = {isa = PBXBuildFile; fileRef = BE7F8E9A26AA40D600FC80A8 /* Assets.xcassets */; };
		BE7F8E9E26AA40D600FC80A8 /* LaunchScreen.storyboard in Resources */ = {isa = PBXBuildFile; fileRef = BE7F8E9C26AA40D600FC80A8 /* LaunchScreen.storyboard */; };
/* End PBXBuildFile section */

/* Begin PBXFileReference section */
		BE7F8E8E26AA40CC00FC80A8 /* inspiration.app */ = {isa = PBXFileReference; explicitFileType = wrapper.application; includeInIndex = 0; path = inspiration.app; sourceTree = BUILT_PRODUCTS_DIR; };
		BE7F8E9126AA40CC00FC80A8 /* AppDelegate.swift */ = {isa = PBXFileReference; lastKnownFileType = sourcecode.swift; path = AppDelegate.swift; sourceTree = "<group>"; };
		BE7F8E9326AA40CC00FC80A8 /* SceneDelegate.swift */ = {isa = PBXFileReference; lastKnownFileType = sourcecode.swift; path = SceneDelegate.swift; sourceTree = "<group>"; };
		BE7F8E9526AA40CC00FC80A8 /* ViewController.swift */ = {isa = PBXFileReference; lastKnownFileType = sourcecode.swift; path = ViewController.swift; sourceTree = "<group>"; };
		BE7F8E9826AA40CC00FC80A8 /* Base */ = {isa = PBXFileReference; lastKnownFileType = file.storyboard; name = Base; path = Base.lproj/Main.storyboard; sourceTree = "<group>"; };
		BE7F8E9A26AA40D600FC80A8 /* Assets.xcassets */ = {isa = PBXFileReference; lastKnownFileType = folder.assetcatalog; path = Assets.xcassets; sourceTree = "<group>"; };
		BE7F8E9D26AA40D600FC80A8 /* Base */ = {isa = PBXFileReference; lastKnownFileType = file.storyboard; name = Base; path = Base.lproj/LaunchScreen.storyboard; sourceTree = "<group>"; };
		BE7F8E9F26AA40D600FC80A8 /* Info.plist */ = {isa = PBXFileReference; lastKnownFileType = text.plist.xml; path = Info.plist; sourceTree = "<group>"; };
/* End PBXFileReference section */

/* Begin PBXFrameworksBuildPhase section */
		BE7F8E8B26AA40CC00FC80A8 /* Frameworks */ = {
			isa = PBXFrameworksBuildPhase;
			buildActionMask = 2147483647;
			files = (
			);
			runOnlyForDeploymentPostprocessing = 0;
		};
/* End PBXFrameworksBuildPhase section */

/* Begin PBXGroup section */
		BE7F8E8526AA40CC00FC80A8 = {
			isa = PBXGroup;
			children = (
				BE7F8E9026AA40CC00FC80A8 /* inspiration */,
				BE7F8E8F26AA40CC00FC80A8 /* Products */,
			);
			sourceTree = "<group>";
		};
		BE7F8E8F26AA40CC00FC80A8 /* Products */ = {
			isa = PBXGroup;
			children = (
				BE7F8E8E26AA40CC00FC80A8 /* inspiration.app */,
			);
			name = Products;
			sourceTree = "<group>";
		};
		BE7F8E9026AA40CC00FC80A8 /* inspiration */ = {
			isa = PBXGroup;
			children = (
				BE7F8E9126AA40CC00FC80A8 /* AppDelegate.swift */,
				BE7F8E9326AA40CC00FC80A8 /* SceneDelegate.swift */,
				BE7F8E9526AA40CC00FC80A8 /* ViewController.swift */,
				BE7F8E9726AA40CC00FC80A8 /* Main.storyboard */,
				BE7F8E9A26AA40D600FC80A8 /* Assets.xcassets */,
				BE7F8E9C26AA40D600FC80A8 /* LaunchScreen.storyboard */,
				BE7F8E9F26AA40D600FC80A8 /* Info.plist */,
			);
			path = inspiration;
			sourceTree = "<group>";
		};
/* End PBXGroup section */

/* Begin PBXNativeTarget section */
		BE7F8E8D26AA40CC00FC80A8 /* inspiration */ = {
			isa = PBXNativeTarget;
			buildConfigurationList = BE7F8EA226AA40D600FC80A8 /* Build configuration list for PBXNativeTarget "inspiration" */;
			buildPhases = (
				BE7F8E8A26AA40CC00FC80A8 /* Sources */,
				BE7F8E8B26AA40CC00FC80A8 /* Frameworks */,
				BE7F8E8C26AA40CC00FC80A8 /* Resources */,
			);
			buildRules = (
			);
			dependencies = (
			);
			name = inspiration;
			productName = inspiration;
			productReference = BE7F8E8E26AA40CC00FC80A8 /* inspiration.app */;
			productType = "com.apple.product-type.application";
		};
/* End PBXNativeTarget section */

/* Begin PBXProject section */
		BE7F8E8626AA40CC00FC80A8 /* Project object */ = {
			isa = PBXProject;
			attributes = {
				LastSwiftUpdateCheck = 1250;
				LastUpgradeCheck = 1250;
				TargetAttributes = {
					BE7F8E8D26AA40CC00FC80A8 = {
						CreatedOnToolsVersion = 12.5.1;
					};
				};
			};
			buildConfigurationList = BE7F8E8926AA40CC00FC80A8 /* Build configuration list for PBXProject "inspiration" */;
			compatibilityVersion = "Xcode 9.3";
			developmentRegion = en;
			hasScannedForEncodings = 0;
			knownRegions = (
				en,
				Base,
			);
			mainGroup = BE7F8E8526AA40CC00FC80A8;
			productRefGroup = BE7F8E8F26AA40CC00FC80A8 /* Products */;
			projectDirPath = "";
			projectRoot = "";
			targets = (
				BE7F8E8D26AA40CC00FC80A8 /* inspiration */,
			);
		};
/* End PBXProject section */

/* Begin PBXResourcesBuildPhase section */
		BE7F8E8C26AA40CC00FC80A8 /* Resources */ = {
			isa = PBXResourcesBuildPhase;
			buildActionMask = 2147483647;
			files = (
				BE7F8E9E26AA40D600FC80A8 /* LaunchScreen.storyboard in Resources */,
				BE7F8E9B26AA40D600FC80A8 /* Assets.xcassets in Resources */,
				BE7F8E9926AA40CC00FC80A8 /* Main.storyboard in Resources */,
			);
			runOnlyForDeploymentPostprocessing = 0;
		};
/* End PBXResourcesBuildPhase section */

/* Begin PBXSourcesBuildPhase section */
		BE7F8E8A26AA40CC00FC80A8 /* Sources */ = {
			isa = PBXSourcesBuildPhase;
			buildActionMask = 2147483647;
			files = (
				BE7F8E9626AA40CC00FC80A8 /* ViewController.swift in Sources */,
				BE7F8E9226AA40CC00FC80A8 /* AppDelegate.swift in Sources */,
				BE7F8E9426AA40CC00FC80A8 /* SceneDelegate.swift in Sources */,
			);
			runOnlyForDeploymentPostprocessing = 0;
		};
/* End PBXSourcesBuildPhase section */

/* Begin PBXVariantGroup section */
		BE7F8E9726AA40CC00FC80A8 /* Main.storyboard */ = {
			isa = PBXVariantGroup;
			children = (
				BE7F8E9826AA40CC00FC80A8 /* Base */,
			);
			name = Main.storyboard;
			sourceTree = "<group>";
		};
		BE7F8E9C26AA40D600FC80A8 /* LaunchScreen.storyboard */ = {
			isa = PBXVariantGroup;
			children = (
				BE7F8E9D26AA40D600FC80A8 /* Base */,
			);
			name = LaunchScreen.storyboard;
			sourceTree = "<group>";
		};
/* End PBXVariantGroup section */

/* Begin XCBuildConfiguration section */
		BE7F8EA026AA40D600FC80A8 /* Debug */ = {
			isa = XCBuildConfiguration;
			buildSettings = {
				ALWAYS_SEARCH_USER_PATHS = NO;
				CLANG_ANALYZER_NONNULL = YES;
				CLANG_ANALYZER_NUMBER_OBJECT_CONVERSION = YES_AGGRESSIVE;
				CLANG_CXX_LANGUAGE_STANDARD = "gnu++14";
				CLANG_CXX_LIBRARY = "libc++";
				CLANG_ENABLE_MODULES = YES;
				CLANG_ENABLE_OBJC_ARC = YES;
				CLANG_ENABLE_OBJC_WEAK = YES;
				CLANG_WARN_BLOCK_CAPTURE_AUTORELEASING = YES;
				CLANG_WARN_BOOL_CONVERSION = YES;
				CLANG_WARN_COMMA = YES;
				CLANG_WARN_CONSTANT_CONVERSION = YES;
				CLANG_WARN_DEPRECATED_OBJC_IMPLEMENTATIONS = YES;
				CLANG_WARN_DIRECT_OBJC_ISA_USAGE = YES_ERROR;
				CLANG_WARN_DOCUMENTATION_COMMENTS = YES;
				CLANG_WARN_EMPTY_BODY = YES;
				CLANG_WARN_ENUM_CONVERSION = YES;
				CLANG_WARN_INFINITE_RECURSION = YES;
				CLANG_WARN_INT_CONVERSION = YES;
				CLANG_WARN_NON_LITERAL_NULL_CONVERSION = YES;
				CLANG_WARN_OBJC_IMPLICIT_RETAIN_SELF = YES;
				CLANG_WARN_OBJC_LITERAL_CONVERSION = YES;
				CLANG_WARN_OBJC_ROOT_CLASS = YES_ERROR;
				CLANG_WARN_QUOTED_INCLUDE_IN_FRAMEWORK_HEADER = YES;
				CLANG_WARN_RANGE_LOOP_ANALYSIS = YES;
				CLANG_WARN_STRICT_PROTOTYPES = YES;
				CLANG_WARN_SUSPICIOUS_MOVE = YES;
				CLANG_WARN_UNGUARDED_AVAILABILITY = YES_AGGRESSIVE;
				CLANG_WARN_UNREACHABLE_CODE = YES;
				CLANG_WARN__DUPLICATE_METHOD_MATCH = YES;
				COPY_PHASE_STRIP = NO;
				DEBUG_INFORMATION_FORMAT = dwarf;
				ENABLE_STRICT_OBJC_MSGSEND = YES;
				ENABLE_TESTABILITY = YES;
				GCC_C_LANGUAGE_STANDARD = gnu11;
				GCC_DYNAMIC_NO_PIC = NO;
				GCC_NO_COMMON_BLOCKS = YES;
				GCC_OPTIMIZATION_LEVEL = 0;
				GCC_PREPROCESSOR_DEFINITIONS = (
					"DEBUG=1",
					"$(inherited)",
				);
				GCC_WARN_64_TO_32_BIT_CONVERSION = YES;
				GCC_WARN_ABOUT_RETURN_TYPE = YES_ERROR;
				GCC_WARN_UNDECLARED_SELECTOR = YES;
				GCC_WARN_UNINITIALIZED_AUTOS = YES_AGGRESSIVE;
				GCC_WARN_UNUSED_FUNCTION = YES;
				GCC_WARN_UNUSED_VARIABLE = YES;
				IPHONEOS_DEPLOYMENT_TARGET = 14.5;
				MTL_ENABLE_DEBUG_INFO = INCLUDE_SOURCE;
				MTL_FAST_MATH = YES;
				ONLY_ACTIVE_ARCH = YES;
				SDKROOT = iphoneos;
				SWIFT_ACTIVE_COMPILATION_CONDITIONS = DEBUG;
				SWIFT_OPTIMIZATION_LEVEL = "-Onone";
			};
			name = Debug;
		};
		BE7F8EA126AA40D600FC80A8 /* Release */ = {
			isa = XCBuildConfiguration;
			buildSettings = {
				ALWAYS_SEARCH_USER_PATHS = NO;
				CLANG_ANALYZER_NONNULL = YES;
				CLANG_ANALYZER_NUMBER_OBJECT_CONVERSION = YES_AGGRESSIVE;
				CLANG_CXX_LANGUAGE_STANDARD = "gnu++14";
				CLANG_CXX_LIBRARY = "libc++";
				CLANG_ENABLE_MODULES = YES;
				CLANG_ENABLE_OBJC_ARC = YES;
				CLANG_ENABLE_OBJC_WEAK = YES;
				CLANG_WARN_BLOCK_CAPTURE_AUTORELEASING = YES;
				CLANG_WARN_BOOL_CONVERSION = YES;
				CLANG_WARN_COMMA = YES;
				CLANG_WARN_CONSTANT_CONVERSION = YES;
				CLANG_WARN_DEPRECATED_OBJC_IMPLEMENTATIONS = YES;
				CLANG_WARN_DIRECT_OBJC_ISA_USAGE = YES_ERROR;
				CLANG_WARN_DOCUMENTATION_COMMENTS = YES;
				CLANG_WARN_EMPTY_BODY = YES;
				CLANG_WARN_ENUM_CONVERSION = YES;
				CLANG_WARN_INFINITE_RECURSION = YES;
				CLANG_WARN_INT_CONVERSION = YES;
				CLANG_WARN_NON_LITERAL_NULL_CONVERSION = YES;
				CLANG_WARN_OBJC_IMPLICIT_RETAIN_SELF = YES;
				CLANG_WARN_OBJC_LITERAL_CONVERSION = YES;
				CLANG_WARN_OBJC_ROOT_CLASS = YES_ERROR;
				CLANG_WARN_QUOTED_INCLUDE_IN_FRAMEWORK_HEADER = YES;
				CLANG_WARN_RANGE_LOOP_ANALYSIS = YES;
				CLANG_WARN_STRICT_PROTOTYPES = YES;
				CLANG_WARN_SUSPICIOUS_MOVE = YES;
				CLANG_WARN_UNGUARDED_AVAILABILITY = YES_AGGRESSIVE;
				CLANG_WARN_UNREACHABLE_CODE = YES;
				CLANG_WARN__DUPLICATE_METHOD_MATCH = YES;
				COPY_PHASE_STRIP = NO;
				DEBUG_INFORMATION_FORMAT = "dwarf-with-dsym";
				ENABLE_NS_ASSERTIONS = NO;
				ENABLE_STRICT_OBJC_MSGSEND = YES;
				GCC_C_LANGUAGE_STANDARD = gnu11;
				GCC_NO_COMMON_BLOCKS = YES;
				GCC_WARN_64_TO_32_BIT_CONVERSION = YES;
				GCC_WARN_ABOUT_RETURN_TYPE = YES_ERROR;
				GCC_WARN_UNDECLARED_SELECTOR = YES;
				GCC_WARN_UNINITIALIZED_AUTOS = YES_AGGRESSIVE;
				GCC_WARN_UNUSED_FUNCTION = YES;
				GCC_WARN_UNUSED_VARIABLE = YES;
				IPHONEOS_DEPLOYMENT_TARGET = 14.5;
				MTL_ENABLE_DEBUG_INFO = NO;
				MTL_FAST_MATH = YES;
				SDKROOT = iphoneos;
				SWIFT_COMPILATION_MODE = wholemodule;
				SWIFT_OPTIMIZATION_LEVEL = "-O";
				VALIDATE_PRODUCT = YES;
			};
			name = Release;
		};
		BE7F8EA326AA40D600FC80A8 /* Debug */ = {
			isa = XCBuildConfiguration;
			buildSettings = {
				ASSETCATALOG_COMPILER_APPICON_NAME = AppIcon;
				ASSETCATALOG_COMPILER_GLOBAL_ACCENT_COLOR_NAME = AccentColor;
				CODE_SIGN_STYLE = Automatic;
				DEVELOPMENT_TEAM = UVLP8RA353;
				INFOPLIST_FILE = inspiration/Info.plist;
				LD_RUNPATH_SEARCH_PATHS = (
					"$(inherited)",
					"@executable_path/Frameworks",
				);
				PRODUCT_BUNDLE_IDENTIFIER = com.wzk.inspiration;
				PRODUCT_NAME = "$(TARGET_NAME)";
				SWIFT_VERSION = 5.0;
				TARGETED_DEVICE_FAMILY = "1,2";
			};
			name = Debug;
		};
		BE7F8EA426AA40D600FC80A8 /* Release */ = {
			isa = XCBuildConfiguration;
			buildSettings = {
				ASSETCATALOG_COMPILER_APPICON_NAME = AppIcon;
				ASSETCATALOG_COMPILER_GLOBAL_ACCENT_COLOR_NAME = AccentColor;
				CODE_SIGN_STYLE = Automatic;
				DEVELOPMENT_TEAM = UVLP8RA353;
				INFOPLIST_FILE = inspiration/Info.plist;
				LD_RUNPATH_SEARCH_PATHS = (
					"$(inherited)",
					"@executable_path/Frameworks",
				);
				PRODUCT_BUNDLE_IDENTIFIER = com.wzk.inspiration;
				PRODUCT_NAME = "$(TARGET_NAME)";
				SWIFT_VERSION = 5.0;
				TARGETED_DEVICE_FAMILY = "1,2";
			};
			name = Release;
		};
/* End XCBuildConfiguration section */

/* Begin XCConfigurationList section */
		BE7F8E8926AA40CC00FC80A8 /* Build configuration list for PBXProject "inspiration" */ = {
			isa = XCConfigurationList;
			buildConfigurations = (
				BE7F8EA026AA40D600FC80A8 /* Debug */,
				BE7F8EA126AA40D600FC80A8 /* Release */,
			);
			defaultConfigurationIsVisible = 0;
			defaultConfigurationName = Release;
		};
		BE7F8EA226AA40D600FC80A8 /* Build configuration list for PBXNativeTarget "inspiration" */ = {
			isa = XCConfigurationList;
			buildConfigurations = (
				BE7F8EA326AA40D600FC80A8 /* Debug */,
				BE7F8EA426AA40D600FC80A8 /* Release */,
			);
			defaultConfigurationIsVisible = 0;
			defaultConfigurationName = Release;
		};
/* End XCConfigurationList section */
	};
	rootObject = BE7F8E8626AA40CC00FC80A8 /* Project object */;
}
